<Solution>
  <Folder Name="/src/">
    <Project Path="src/LimbusModEditor.App/LimbusModEditor.App.csproj" />
    <Project Path="src/LimbusModEditor.Application/LimbusModEditor.Application.csproj" />
    <Project Path="src/LimbusModEditor.Cli/LimbusModEditor.Cli.csproj" />
    <Project Path="src/LimbusModEditor.Domain/LimbusModEditor.Domain.csproj" />
    <Project Path="src/LimbusModEditor.Editing/LimbusModEditor.Editing.csproj" />
    <Project Path="src/LimbusModEditor.Formats.Abstractions/LimbusModEditor.Formats.Abstractions.csproj" />
    <Project Path="src/LimbusModEditor.Formats.Bank/LimbusModEditor.Formats.Bank.csproj" />
    <Project Path="src/LimbusModEditor.Formats.Carra/LimbusModEditor.Formats.Carra.csproj" />
    <Project Path="src/LimbusModEditor.Formats.Lunartique/LimbusModEditor.Formats.Lunartique.csproj" />
    <Project Path="src/LimbusModEditor.Formats.Rebank/LimbusModEditor.Formats.Rebank.csproj" />
    <Project Path="src/LimbusModEditor.Formats.Unity/LimbusModEditor.Formats.Unity.csproj" />
    <Project Path="src/LimbusModEditor.Infrastructure/LimbusModEditor.Infrastructure.csproj" />
  </Folder>
  <Folder Name="/tests/">
    <Project Path="tests/LimbusModEditor.Domain.Tests/LimbusModEditor.Domain.Tests.csproj" />
    <Project Path="tests/LimbusModEditor.Format.Tests/LimbusModEditor.Format.Tests.csproj" />
  </Folder>
</Solution>
